
Microsoft Visual Studio Solution File, Format Version 12.00
# Visual Studio Version 16
VisualStudioVersion = 25.0.1703.3
MinimumVisualStudioVersion = 10.0.40219.1
Project("{FAE04EC0-301F-11D3-BF4B-00C04F79EFBC}") = "CS_Dictionary", "CS_Dictionary\CS_Dictionary.csproj", "{A893D054-2FC9-4CEB-BB3E-8242B67883D6}"
EndProject
Global
	GlobalSection(SolutionConfigurationPlatforms) = preSolution
		Debug|Any CPU = Debug|Any CPU
		Release|Any CPU = Release|Any CPU
	EndGlobalSection
	GlobalSection(ProjectConfigurationPlatforms) = postSolution
		{A893D054-2FC9-4CEB-BB3E-8242B67883D6}.Debug|Any CPU.ActiveCfg = Debug|Any CPU
		{A893D054-2FC9-4CEB-BB3E-8242B67883D6}.Debug|Any CPU.Build.0 = Debug|Any CPU
		{A893D054-2FC9-4CEB-BB3E-8242B67883D6}.Release|Any CPU.ActiveCfg = Release|Any CPU
		{A893D054-2FC9-4CEB-BB3E-8242B67883D6}.Release|Any CPU.Build.0 = Release|Any CPU
	EndGlobalSection
	GlobalSection(SolutionProperties) = preSolution
		HideSolutionNode = FALSE
	EndGlobalSection
	GlobalSection(ExtensibilityGlobals) = postSolution
		SolutionGuid = {FAA1DC1F-E700-4DAC-AC98-BD57043D3299}
	EndGlobalSection
EndGlobal
